
Microsoft Visual Studio Solution File, Format Version 11.00
# Visual Studio 2010
Project("{FAE04EC0-301F-11D3-BF4B-00C04F79EFBC}") = "Blueprints", "Vanaheimr\Blueprints.NET\Blueprints\Blueprints.csproj", "{47FA1E7C-8C47-493D-A371-91A15D53BC95}"
EndProject
Project("{FAE04EC0-301F-11D3-BF4B-00C04F79EFBC}") = "TestApplication1", "TestApplication1\TestApplication1.csproj", "{8239522B-5494-4B5B-89F6-EBCD202C036E}"
EndProject
Project("{2150E333-8FDC-42A3-9474-1A3956D46DE8}") = "Dependencies", "Dependencies", "{70882DFD-8383-4FF7-8F11-6ED56FC1FD45}"
EndProject
Project("{FAE04EC0-301F-11D3-BF4B-00C04F79EFBC}") = "Balder", "Vanaheimr\Balder\Balder\Balder.csproj", "{D2B4E7C7-0524-4DE5-9D62-2DE05682A74D}"
EndProject
Project("{FAE04EC0-301F-11D3-BF4B-00C04F79EFBC}") = "Eunomia", "Vanaheimr\Eunomia\Eunomia\Eunomia.csproj", "{1DF1A588-33B1-4168-9487-604FE5680681}"
EndProject
Project("{FAE04EC0-301F-11D3-BF4B-00C04F79EFBC}") = "Commons", "Vanaheimr\Illias\Commons\Commons.csproj", "{16C85DF8-5DE6-4A9F-9FC7-7CA5B0440DF3}"
EndProject
Project("{FAE04EC0-301F-11D3-BF4B-00C04F79EFBC}") = "PropertyGraphs", "Vanaheimr\Blueprints.NET\PropertyGraphs\PropertyGraphs.csproj", "{562AC94F-60EA-4911-8C62-684F02867783}"
EndProject
Project("{FAE04EC0-301F-11D3-BF4B-00C04F79EFBC}") = "Styx", "Vanaheimr\Styx\Styx\Styx.csproj", "{3949790D-8591-4101-9E4D-CE7A758E7409}"
EndProject
Project("{FAE04EC0-301F-11D3-BF4B-00C04F79EFBC}") = "Glyphe", "Glyphe\Glyphe.csproj", "{945E9F3E-946F-4669-9FD8-48A7FFFE176D}"
EndProject
Project("{2150E333-8FDC-42A3-9474-1A3956D46DE8}") = "UnitTests", "UnitTests", "{0FB07478-4004-4EFD-B6CF-853268E63C8E}"
EndProject
Project("{FAE04EC0-301F-11D3-BF4B-00C04F79EFBC}") = "BlueprintsTests", "Vanaheimr\Blueprints.NET\BlueprintsTests\BlueprintsTests.csproj", "{7F4CE297-4A42-47A8-9A0A-74BA46B09891}"
EndProject
Project("{FAE04EC0-301F-11D3-BF4B-00C04F79EFBC}") = "CommonsTests", "Vanaheimr\Illias\CommonsTests\CommonsTests.csproj", "{02A5F706-A9AC-46BE-A428-EA6F990D8E21}"
EndProject
Project("{FAE04EC0-301F-11D3-BF4B-00C04F79EFBC}") = "StyxTests", "Vanaheimr\Styx\StyxTests\StyxTests.csproj", "{6F2452F5-BF16-4577-9C5A-85C8D7B5289D}"
EndProject
Project("{FAE04EC0-301F-11D3-BF4B-00C04F79EFBC}") = "BalderTests", "Vanaheimr\Balder\BalderTests\BalderTests.csproj", "{4BF95036-986A-47EE-B48E-CF8C2B0E7841}"
EndProject
Project("{FAE04EC0-301F-11D3-BF4B-00C04F79EFBC}") = "GlypheTests", "GlypheTests\GlypheTests.csproj", "{C71DF608-DDC8-4E48-AE4D-927DCB0B15BD}"
EndProject
Project("{2150E333-8FDC-42A3-9474-1A3956D46DE8}") = "Graphs", "Graphs", "{5EFC1F28-0DE0-44EA-893F-4EC15DDF6EED}"
EndProject
Project("{2150E333-8FDC-42A3-9474-1A3956D46DE8}") = "Graphs", "Graphs", "{E028BC38-74FF-410C-A5A8-F0A3BA7939EB}"
EndProject
Global
	GlobalSection(SolutionConfigurationPlatforms) = preSolution
		Debug|Any CPU = Debug|Any CPU
		Debug|Mixed Platforms = Debug|Mixed Platforms
		Debug|x86 = Debug|x86
		Release|Any CPU = Release|Any CPU
		Release|Mixed Platforms = Release|Mixed Platforms
		Release|x86 = Release|x86
	EndGlobalSection
	GlobalSection(ProjectConfigurationPlatforms) = postSolution
		{47FA1E7C-8C47-493D-A371-91A15D53BC95}.Debug|Any CPU.ActiveCfg = Debug|Any CPU
		{47FA1E7C-8C47-493D-A371-91A15D53BC95}.Debug|Any CPU.Build.0 = Debug|Any CPU
		{47FA1E7C-8C47-493D-A371-91A15D53BC95}.Debug|Mixed Platforms.ActiveCfg = Debug|Any CPU
		{47FA1E7C-8C47-493D-A371-91A15D53BC95}.Debug|Mixed Platforms.Build.0 = Debug|Any CPU
		{47FA1E7C-8C47-493D-A371-91A15D53BC95}.Debug|x86.ActiveCfg = Debug|Any CPU
		{47FA1E7C-8C47-493D-A371-91A15D53BC95}.Release|Any CPU.ActiveCfg = Release|Any CPU
		{47FA1E7C-8C47-493D-A371-91A15D53BC95}.Release|Any CPU.Build.0 = Release|Any CPU
		{47FA1E7C-8C47-493D-A371-91A15D53BC95}.Release|Mixed Platforms.ActiveCfg = Release|Any CPU
		{47FA1E7C-8C47-493D-A371-91A15D53BC95}.Release|Mixed Platforms.Build.0 = Release|Any CPU
		{47FA1E7C-8C47-493D-A371-91A15D53BC95}.Release|x86.ActiveCfg = Release|Any CPU
		{8239522B-5494-4B5B-89F6-EBCD202C036E}.Debug|Any CPU.ActiveCfg = Debug|x86
		{8239522B-5494-4B5B-89F6-EBCD202C036E}.Debug|Mixed Platforms.ActiveCfg = Debug|x86
		{8239522B-5494-4B5B-89F6-EBCD202C036E}.Debug|Mixed Platforms.Build.0 = Debug|x86
		{8239522B-5494-4B5B-89F6-EBCD202C036E}.Debug|x86.ActiveCfg = Debug|x86
		{8239522B-5494-4B5B-89F6-EBCD202C036E}.Debug|x86.Build.0 = Debug|x86
		{8239522B-5494-4B5B-89F6-EBCD202C036E}.Release|Any CPU.ActiveCfg = Release|x86
		{8239522B-5494-4B5B-89F6-EBCD202C036E}.Release|Mixed Platforms.ActiveCfg = Release|x86
		{8239522B-5494-4B5B-89F6-EBCD202C036E}.Release|Mixed Platforms.Build.0 = Release|x86
		{8239522B-5494-4B5B-89F6-EBCD202C036E}.Release|x86.ActiveCfg = Release|x86
		{8239522B-5494-4B5B-89F6-EBCD202C036E}.Release|x86.Build.0 = Release|x86
		{D2B4E7C7-0524-4DE5-9D62-2DE05682A74D}.Debug|Any CPU.ActiveCfg = Debug|Any CPU
		{D2B4E7C7-0524-4DE5-9D62-2DE05682A74D}.Debug|Any CPU.Build.0 = Debug|Any CPU
		{D2B4E7C7-0524-4DE5-9D62-2DE05682A74D}.Debug|Mixed Platforms.ActiveCfg = Debug|Any CPU
		{D2B4E7C7-0524-4DE5-9D62-2DE05682A74D}.Debug|Mixed Platforms.Build.0 = Debug|Any CPU
		{D2B4E7C7-0524-4DE5-9D62-2DE05682A74D}.Debug|x86.ActiveCfg = Debug|Any CPU
		{D2B4E7C7-0524-4DE5-9D62-2DE05682A74D}.Release|Any CPU.ActiveCfg = Release|Any CPU
		{D2B4E7C7-0524-4DE5-9D62-2DE05682A74D}.Release|Any CPU.Build.0 = Release|Any CPU
		{D2B4E7C7-0524-4DE5-9D62-2DE05682A74D}.Release|Mixed Platforms.ActiveCfg = Release|Any CPU
		{D2B4E7C7-0524-4DE5-9D62-2DE05682A74D}.Release|Mixed Platforms.Build.0 = Release|Any CPU
		{D2B4E7C7-0524-4DE5-9D62-2DE05682A74D}.Release|x86.ActiveCfg = Release|Any CPU
		{1DF1A588-33B1-4168-9487-604FE5680681}.Debug|Any CPU.ActiveCfg = Debug|Any CPU
		{1DF1A588-33B1-4168-9487-604FE5680681}.Debug|Any CPU.Build.0 = Debug|Any CPU
		{1DF1A588-33B1-4168-9487-604FE5680681}.Debug|Mixed Platforms.ActiveCfg = Debug|Any CPU
		{1DF1A588-33B1-4168-9487-604FE5680681}.Debug|Mixed Platforms.Build.0 = Debug|Any CPU
		{1DF1A588-33B1-4168-9487-604FE5680681}.Debug|x86.ActiveCfg = Debug|Any CPU
		{1DF1A588-33B1-4168-9487-604FE5680681}.Release|Any CPU.ActiveCfg = Release|Any CPU
		{1DF1A588-33B1-4168-9487-604FE5680681}.Release|Any CPU.Build.0 = Release|Any CPU
		{1DF1A588-33B1-4168-9487-604FE5680681}.Release|Mixed Platforms.ActiveCfg = Release|Any CPU
		{1DF1A588-33B1-4168-9487-604FE5680681}.Release|Mixed Platforms.Build.0 = Release|Any CPU
		{1DF1A588-33B1-4168-9487-604FE5680681}.Release|x86.ActiveCfg = Release|Any CPU
		{16C85DF8-5DE6-4A9F-9FC7-7CA5B0440DF3}.Debug|Any CPU.ActiveCfg = Debug|Any CPU
		{16C85DF8-5DE6-4A9F-9FC7-7CA5B0440DF3}.Debug|Any CPU.Build.0 = Debug|Any CPU
		{16C85DF8-5DE6-4A9F-9FC7-7CA5B0440DF3}.Debug|Mixed Platforms.ActiveCfg = Debug|Any CPU
		{16C85DF8-5DE6-4A9F-9FC7-7CA5B0440DF3}.Debug|Mixed Platforms.Build.0 = Debug|Any CPU
		{16C85DF8-5DE6-4A9F-9FC7-7CA5B0440DF3}.Debug|x86.ActiveCfg = Debug|Any CPU
		{16C85DF8-5DE6-4A9F-9FC7-7CA5B0440DF3}.Release|Any CPU.ActiveCfg = Release|Any CPU
		{16C85DF8-5DE6-4A9F-9FC7-7CA5B0440DF3}.Release|Any CPU.Build.0 = Release|Any CPU
		{16C85DF8-5DE6-4A9F-9FC7-7CA5B0440DF3}.Release|Mixed Platforms.ActiveCfg = Release|Any CPU
		{16C85DF8-5DE6-4A9F-9FC7-7CA5B0440DF3}.Release|Mixed Platforms.Build.0 = Release|Any CPU
		{16C85DF8-5DE6-4A9F-9FC7-7CA5B0440DF3}.Release|x86.ActiveCfg = Release|Any CPU
		{562AC94F-60EA-4911-8C62-684F02867783}.Debug|Any CPU.ActiveCfg = Debug|Any CPU
		{562AC94F-60EA-4911-8C62-684F02867783}.Debug|Any CPU.Build.0 = Debug|Any CPU
		{562AC94F-60EA-4911-8C62-684F02867783}.Debug|Mixed Platforms.ActiveCfg = Debug|Any CPU
		{562AC94F-60EA-4911-8C62-684F02867783}.Debug|Mixed Platforms.Build.0 = Debug|Any CPU
		{562AC94F-60EA-4911-8C62-684F02867783}.Debug|x86.ActiveCfg = Debug|Any CPU
		{562AC94F-60EA-4911-8C62-684F02867783}.Release|Any CPU.ActiveCfg = Release|Any CPU
		{562AC94F-60EA-4911-8C62-684F02867783}.Release|Any CPU.Build.0 = Release|Any CPU
		{562AC94F-60EA-4911-8C62-684F02867783}.Release|Mixed Platforms.ActiveCfg = Release|Any CPU
		{562AC94F-60EA-4911-8C62-684F02867783}.Release|Mixed Platforms.Build.0 = Release|Any CPU
		{562AC94F-60EA-4911-8C62-684F02867783}.Release|x86.ActiveCfg = Release|Any CPU
		{3949790D-8591-4101-9E4D-CE7A758E7409}.Debug|Any CPU.ActiveCfg = Debug|Any CPU
		{3949790D-8591-4101-9E4D-CE7A758E7409}.Debug|Any CPU.Build.0 = Debug|Any CPU
		{3949790D-8591-4101-9E4D-CE7A758E7409}.Debug|Mixed Platforms.ActiveCfg = Debug|Any CPU
		{3949790D-8591-4101-9E4D-CE7A758E7409}.Debug|Mixed Platforms.Build.0 = Debug|Any CPU
		{3949790D-8591-4101-9E4D-CE7A758E7409}.Debug|x86.ActiveCfg = Debug|Any CPU
		{3949790D-8591-4101-9E4D-CE7A758E7409}.Release|Any CPU.ActiveCfg = Release|Any CPU
		{3949790D-8591-4101-9E4D-CE7A758E7409}.Release|Any CPU.Build.0 = Release|Any CPU
		{3949790D-8591-4101-9E4D-CE7A758E7409}.Release|Mixed Platforms.ActiveCfg = Release|Any CPU
		{3949790D-8591-4101-9E4D-CE7A758E7409}.Release|Mixed Platforms.Build.0 = Release|Any CPU
		{3949790D-8591-4101-9E4D-CE7A758E7409}.Release|x86.ActiveCfg = Release|Any CPU
		{945E9F3E-946F-4669-9FD8-48A7FFFE176D}.Debug|Any CPU.ActiveCfg = Debug|Any CPU
		{945E9F3E-946F-4669-9FD8-48A7FFFE176D}.Debug|Any CPU.Build.0 = Debug|Any CPU
		{945E9F3E-946F-4669-9FD8-48A7FFFE176D}.Debug|Mixed Platforms.ActiveCfg = Debug|Any CPU
		{945E9F3E-946F-4669-9FD8-48A7FFFE176D}.Debug|Mixed Platforms.Build.0 = Debug|Any CPU
		{945E9F3E-946F-4669-9FD8-48A7FFFE176D}.Debug|x86.ActiveCfg = Debug|Any CPU
		{945E9F3E-946F-4669-9FD8-48A7FFFE176D}.Release|Any CPU.ActiveCfg = Release|Any CPU
		{945E9F3E-946F-4669-9FD8-48A7FFFE176D}.Release|Any CPU.Build.0 = Release|Any CPU
		{945E9F3E-946F-4669-9FD8-48A7FFFE176D}.Release|Mixed Platforms.ActiveCfg = Release|Any CPU
		{945E9F3E-946F-4669-9FD8-48A7FFFE176D}.Release|Mixed Platforms.Build.0 = Release|Any CPU
		{945E9F3E-946F-4669-9FD8-48A7FFFE176D}.Release|x86.ActiveCfg = Release|Any CPU
		{7F4CE297-4A42-47A8-9A0A-74BA46B09891}.Debug|Any CPU.ActiveCfg = Debug|Any CPU
		{7F4CE297-4A42-47A8-9A0A-74BA46B09891}.Debug|Any CPU.Build.0 = Debug|Any CPU
		{7F4CE297-4A42-47A8-9A0A-74BA46B09891}.Debug|Mixed Platforms.ActiveCfg = Debug|Any CPU
		{7F4CE297-4A42-47A8-9A0A-74BA46B09891}.Debug|Mixed Platforms.Build.0 = Debug|Any CPU
		{7F4CE297-4A42-47A8-9A0A-74BA46B09891}.Debug|x86.ActiveCfg = Debug|Any CPU
		{7F4CE297-4A42-47A8-9A0A-74BA46B09891}.Release|Any CPU.ActiveCfg = Release|Any CPU
		{7F4CE297-4A42-47A8-9A0A-74BA46B09891}.Release|Any CPU.Build.0 = Release|Any CPU
		{7F4CE297-4A42-47A8-9A0A-74BA46B09891}.Release|Mixed Platforms.ActiveCfg = Release|Any CPU
		{7F4CE297-4A42-47A8-9A0A-74BA46B09891}.Release|Mixed Platforms.Build.0 = Release|Any CPU
		{7F4CE297-4A42-47A8-9A0A-74BA46B09891}.Release|x86.ActiveCfg = Release|Any CPU
		{02A5F706-A9AC-46BE-A428-EA6F990D8E21}.Debug|Any CPU.ActiveCfg = Debug|Any CPU
		{02A5F706-A9AC-46BE-A428-EA6F990D8E21}.Debug|Any CPU.Build.0 = Debug|Any CPU
		{02A5F706-A9AC-46BE-A428-EA6F990D8E21}.Debug|Mixed Platforms.ActiveCfg = Debug|Any CPU
		{02A5F706-A9AC-46BE-A428-EA6F990D8E21}.Debug|Mixed Platforms.Build.0 = Debug|Any CPU
		{02A5F706-A9AC-46BE-A428-EA6F990D8E21}.Debug|x86.ActiveCfg = Debug|Any CPU
		{02A5F706-A9AC-46BE-A428-EA6F990D8E21}.Release|Any CPU.ActiveCfg = Release|Any CPU
		{02A5F706-A9AC-46BE-A428-EA6F990D8E21}.Release|Any CPU.Build.0 = Release|Any CPU
		{02A5F706-A9AC-46BE-A428-EA6F990D8E21}.Release|Mixed Platforms.ActiveCfg = Release|Any CPU
		{02A5F706-A9AC-46BE-A428-EA6F990D8E21}.Release|Mixed Platforms.Build.0 = Release|Any CPU
		{02A5F706-A9AC-46BE-A428-EA6F990D8E21}.Release|x86.ActiveCfg = Release|Any CPU
		{6F2452F5-BF16-4577-9C5A-85C8D7B5289D}.Debug|Any CPU.ActiveCfg = Debug|Any CPU
		{6F2452F5-BF16-4577-9C5A-85C8D7B5289D}.Debug|Any CPU.Build.0 = Debug|Any CPU
		{6F2452F5-BF16-4577-9C5A-85C8D7B5289D}.Debug|Mixed Platforms.ActiveCfg = Debug|Any CPU
		{6F2452F5-BF16-4577-9C5A-85C8D7B5289D}.Debug|Mixed Platforms.Build.0 = Debug|Any CPU
		{6F2452F5-BF16-4577-9C5A-85C8D7B5289D}.Debug|x86.ActiveCfg = Debug|Any CPU
		{6F2452F5-BF16-4577-9C5A-85C8D7B5289D}.Release|Any CPU.ActiveCfg = Release|Any CPU
		{6F2452F5-BF16-4577-9C5A-85C8D7B5289D}.Release|Any CPU.Build.0 = Release|Any CPU
		{6F2452F5-BF16-4577-9C5A-85C8D7B5289D}.Release|Mixed Platforms.ActiveCfg = Release|Any CPU
		{6F2452F5-BF16-4577-9C5A-85C8D7B5289D}.Release|Mixed Platforms.Build.0 = Release|Any CPU
		{6F2452F5-BF16-4577-9C5A-85C8D7B5289D}.Release|x86.ActiveCfg = Release|Any CPU
		{4BF95036-986A-47EE-B48E-CF8C2B0E7841}.Debug|Any CPU.ActiveCfg = Debug|Any CPU
		{4BF95036-986A-47EE-B48E-CF8C2B0E7841}.Debug|Any CPU.Build.0 = Debug|Any CPU
		{4BF95036-986A-47EE-B48E-CF8C2B0E7841}.Debug|Mixed Platforms.ActiveCfg = Debug|Any CPU
		{4BF95036-986A-47EE-B48E-CF8C2B0E7841}.Debug|Mixed Platforms.Build.0 = Debug|Any CPU
		{4BF95036-986A-47EE-B48E-CF8C2B0E7841}.Debug|x86.ActiveCfg = Debug|Any CPU
		{4BF95036-986A-47EE-B48E-CF8C2B0E7841}.Release|Any CPU.ActiveCfg = Release|Any CPU
		{4BF95036-986A-47EE-B48E-CF8C2B0E7841}.Release|Any CPU.Build.0 = Release|Any CPU
		{4BF95036-986A-47EE-B48E-CF8C2B0E7841}.Release|Mixed Platforms.ActiveCfg = Release|Any CPU
		{4BF95036-986A-47EE-B48E-CF8C2B0E7841}.Release|Mixed Platforms.Build.0 = Release|Any CPU
		{4BF95036-986A-47EE-B48E-CF8C2B0E7841}.Release|x86.ActiveCfg = Release|Any CPU
		{C71DF608-DDC8-4E48-AE4D-927DCB0B15BD}.Debug|Any CPU.ActiveCfg = Debug|Any CPU
		{C71DF608-DDC8-4E48-AE4D-927DCB0B15BD}.Debug|Any CPU.Build.0 = Debug|Any CPU
		{C71DF608-DDC8-4E48-AE4D-927DCB0B15BD}.Debug|Mixed Platforms.ActiveCfg = Debug|Any CPU
		{C71DF608-DDC8-4E48-AE4D-927DCB0B15BD}.Debug|Mixed Platforms.Build.0 = Debug|Any CPU
		{C71DF608-DDC8-4E48-AE4D-927DCB0B15BD}.Debug|x86.ActiveCfg = Debug|Any CPU
		{C71DF608-DDC8-4E48-AE4D-927DCB0B15BD}.Release|Any CPU.ActiveCfg = Release|Any CPU
		{C71DF608-DDC8-4E48-AE4D-927DCB0B15BD}.Release|Any CPU.Build.0 = Release|Any CPU
		{C71DF608-DDC8-4E48-AE4D-927DCB0B15BD}.Release|Mixed Platforms.ActiveCfg = Release|Any CPU
		{C71DF608-DDC8-4E48-AE4D-927DCB0B15BD}.Release|Mixed Platforms.Build.0 = Release|Any CPU
		{C71DF608-DDC8-4E48-AE4D-927DCB0B15BD}.Release|x86.ActiveCfg = Release|Any CPU
	EndGlobalSection
	GlobalSection(SolutionProperties) = preSolution
		HideSolutionNode = FALSE
	EndGlobalSection
	GlobalSection(NestedProjects) = preSolution
		{16C85DF8-5DE6-4A9F-9FC7-7CA5B0440DF3} = {70882DFD-8383-4FF7-8F11-6ED56FC1FD45}
		{3949790D-8591-4101-9E4D-CE7A758E7409} = {70882DFD-8383-4FF7-8F11-6ED56FC1FD45}
		{5EFC1F28-0DE0-44EA-893F-4EC15DDF6EED} = {70882DFD-8383-4FF7-8F11-6ED56FC1FD45}
		{02A5F706-A9AC-46BE-A428-EA6F990D8E21} = {0FB07478-4004-4EFD-B6CF-853268E63C8E}
		{6F2452F5-BF16-4577-9C5A-85C8D7B5289D} = {0FB07478-4004-4EFD-B6CF-853268E63C8E}
		{E028BC38-74FF-410C-A5A8-F0A3BA7939EB} = {0FB07478-4004-4EFD-B6CF-853268E63C8E}
		{D2B4E7C7-0524-4DE5-9D62-2DE05682A74D} = {5EFC1F28-0DE0-44EA-893F-4EC15DDF6EED}
		{47FA1E7C-8C47-493D-A371-91A15D53BC95} = {5EFC1F28-0DE0-44EA-893F-4EC15DDF6EED}
		{1DF1A588-33B1-4168-9487-604FE5680681} = {5EFC1F28-0DE0-44EA-893F-4EC15DDF6EED}
		{562AC94F-60EA-4911-8C62-684F02867783} = {5EFC1F28-0DE0-44EA-893F-4EC15DDF6EED}
		{4BF95036-986A-47EE-B48E-CF8C2B0E7841} = {E028BC38-74FF-410C-A5A8-F0A3BA7939EB}
		{7F4CE297-4A42-47A8-9A0A-74BA46B09891} = {E028BC38-74FF-410C-A5A8-F0A3BA7939EB}
	EndGlobalSection
EndGlobal
